// !$*UTF8*$!
{
	archiveVersion = 1;
	classes = {
	};
	objectVersion = 77;
	objects = {

/* Begin PBXContainerItemProxy section */
		361D2E992FDB3B5A00B038D5 /* PBXContainerItemProxy */ = {
			isa = PBXContainerItemProxy;
			containerPortal = 361D2E772FDB3B5800B038D5 /* Project object */;
			proxyType = 1;
			remoteGlobalIDString = 361D2E7E2FDB3B5900B038D5;
			remoteInfo = mevsmusic;
		};
		361D2EA32FDB3B5A00B038D5 /* PBXContainerItemProxy */ = {
			isa = PBXContainerItemProxy;
			containerPortal = 361D2E772FDB3B5800B038D5 /* Project object */;
			proxyType = 1;
			remoteGlobalIDString = 361D2E7E2FDB3B5900B038D5;
			remoteInfo = mevsmusic;
		};
/* End PBXContainerItemProxy section */

/* Begin PBXFileReference section */
		361D2E7F2FDB3B5900B038D5 /* mevsmusic.app */ = {isa = PBXFileReference; explicitFileType = wrapper.application; includeInIndex = 0; path = mevsmusic.app; sourceTree = BUILT_PRODUCTS_DIR; };
		361D2E982FDB3B5A00B038D5 /* mevsmusicTests.xctest */ = {isa = PBXFileReference; explicitFileType = wrapper.cfbundle; includeInIndex = 0; path = mevsmusicTests.xctest; sourceTree = BUILT_PRODUCTS_DIR; };
		361D2EA22FDB3B5A00B038D5 /* mevsmusicUITests.xctest */ = {isa = PBXFileReference; explicitFileType = wrapper.cfbundle; includeInIndex = 0; path = mevsmusicUITests.xctest; sourceTree = BUILT_PRODUCTS_DIR; };
/* End PBXFileReference section */

/* Begin PBXFileSystemSynchronizedBuildFileExceptionSet section */
		361D2EAA2FDB3B5A00B038D5 /* Exceptions for "mevsmusic" folder in "mevsmusic" target */ = {
			isa = PBXFileSystemSynchronizedBuildFileExceptionSet;
			membershipExceptions = (
				Info.plist,
			);
			target = 361D2E7E2FDB3B5900B038D5 /* mevsmusic */;
		};
/* End PBXFileSystemSynchronizedBuildFileExceptionSet section */

/* Begin PBXFileSystemSynchronizedRootGroup section */
		361D2E812FDB3B5900B038D5 /* mevsmusic */ = {
			isa = PBXFileSystemSynchronizedRootGroup;
			exceptions = (
				361D2EAA2FDB3B5A00B038D5 /* Exceptions for "mevsmusic" folder in "mevsmusic" target */,
			);
			path = mevsmusic;
			sourceTree = "<group>";
		};
		361D2E9B2FDB3B5A00B038D5 /* mevsmusicTests */ = {
			isa = PBXFileSystemSynchronizedRootGroup;
			path = mevsmusicTests;
			sourceTree = "<group>";
		};
		361D2EA52FDB3B5A00B038D5 /* mevsmusicUITests */ = {
			isa = PBXFileSystemSynchronizedRootGroup;
			path = mevsmusicUITests;
			sourceTree = "<group>";
		};
/* End PBXFileSystemSynchronizedRootGroup section */

/* Begin PBXFrameworksBuildPhase section */
		361D2E7C2FDB3B5900B038D5 /* Frameworks */ = {
			isa = PBXFrameworksBuildPhase;
			buildActionMask = 2147483647;
			files = (
			);
			runOnlyForDeploymentPostprocessing = 0;
		};
		361D2E952FDB3B5A00B038D5 /* Frameworks */ = {
			isa = PBXFrameworksBuildPhase;
			buildActionMask = 2147483647;
			files = (
			);
			runOnlyForDeploymentPostprocessing = 0;
		};
		361D2E9F2FDB3B5A00B038D5 /* Frameworks */ = {
			isa = PBXFrameworksBuildPhase;
			buildActionMask = 2147483647;
			files = (
			);
			runOnlyForDeploymentPostprocessing = 0;
		};
/* End PBXFrameworksBuildPhase section */

/* Begin PBXGroup section */
		361D2E762FDB3B5800B038D5 = {
			isa = PBXGroup;
			children = (
				361D2E812FDB3B5900B038D5 /* mevsmusic */,
				361D2E9B2FDB3B5A00B038D5 /* mevsmusicTests */,
				361D2EA52FDB3B5A00B038D5 /* mevsmusicUITests */,
				361D2E802FDB3B5900B038D5 /* Products */,
			);
			sourceTree = "<group>";
		};
		361D2E802FDB3B5900B038D5 /* Products */ = {
			isa = PBXGroup;
			children = (
				361D2E7F2FDB3B5900B038D5 /* mevsmusic.app */,
				361D2E982FDB3B5A00B038D5 /* mevsmusicTests.xctest */,
				361D2EA22FDB3B5A00B038D5 /* mevsmusicUITests.xctest */,
			);
			name = Products;
			sourceTree = "<group>";
		};
/* End PBXGroup section */

/* Begin PBXNativeTarget section */
		361D2E7E2FDB3B5900B038D5 /* mevsmusic */ = {
			isa = PBXNativeTarget;
			buildConfigurationList = 361D2EAB2FDB3B5A00B038D5 /* Build configuration list for PBXNativeTarget "mevsmusic" */;
			buildPhases = (
				361D2E7B2FDB3B5900B038D5 /* Sources */,
				361D2E7C2FDB3B5900B038D5 /* Frameworks */,
				361D2E7D2FDB3B5900B038D5 /* Resources */,
			);
			buildRules = (
			);
			dependencies = (
			);
			fileSystemSynchronizedGroups = (
				361D2E812FDB3B5900B038D5 /* mevsmusic */,
			);
			name = mevsmusic;
			packageProductDependencies = (
			);
			productName = mevsmusic;
			productReference = 361D2E7F2FDB3B5900B038D5 /* mevsmusic.app */;
			productType = "com.apple.product-type.application";
		};
		361D2E972FDB3B5A00B038D5 /* mevsmusicTests */ = {
			isa = PBXNativeTarget;
			buildConfigurationList = 361D2EB02FDB3B5A00B038D5 /* Build configuration list for PBXNativeTarget "mevsmusicTests" */;
			buildPhases = (
				361D2E942FDB3B5A00B038D5 /* Sources */,
				361D2E952FDB3B5A00B038D5 /* Frameworks */,
				361D2E962FDB3B5A00B038D5 /* Resources */,
			);
			buildRules = (
			);
			dependencies = (
				361D2E9A2FDB3B5A00B038D5 /* PBXTargetDependency */,
			);
			fileSystemSynchronizedGroups = (
				361D2E9B2FDB3B5A00B038D5 /* mevsmusicTests */,
			);
			name = mevsmusicTests;
			packageProductDependencies = (
			);
			productName = mevsmusicTests;
			productReference = 361D2E982FDB3B5A00B038D5 /* mevsmusicTests.xctest */;
			productType = "com.apple.product-type.bundle.unit-test";
		};
		361D2EA12FDB3B5A00B038D5 /* mevsmusicUITests */ = {
			isa = PBXNativeTarget;
			buildConfigurationList = 361D2EB32FDB3B5A00B038D5 /* Build configuration list for PBXNativeTarget "mevsmusicUITests" */;
			buildPhases = (
				361D2E9E2FDB3B5A00B038D5 /* Sources */,
				361D2E9F2FDB3B5A00B038D5 /* Frameworks */,
				361D2EA02FDB3B5A00B038D5 /* Resources */,
			);
			buildRules = (
			);
			dependencies = (
				361D2EA42FDB3B5A00B038D5 /* PBXTargetDependency */,
			);
			fileSystemSynchronizedGroups = (
				361D2EA52FDB3B5A00B038D5 /* mevsmusicUITests */,
			);
			name = mevsmusicUITests;
			packageProductDependencies = (
			);
			productName = mevsmusicUITests;
			productReference = 361D2EA22FDB3B5A00B038D5 /* mevsmusicUITests.xctest */;
			productType = "com.apple.product-type.bundle.ui-testing";
		};
/* End PBXNativeTarget section */

/* Begin PBXProject section */
		361D2E772FDB3B5800B038D5 /* Project object */ = {
			isa = PBXProject;
			attributes = {
				BuildIndependentTargetsInParallel = 1;
				LastSwiftUpdateCheck = 2650;
				LastUpgradeCheck = 2650;
				TargetAttributes = {
					361D2E7E2FDB3B5900B038D5 = {
						CreatedOnToolsVersion = 26.5;
					};
					361D2E972FDB3B5A00B038D5 = {
						CreatedOnToolsVersion = 26.5;
						TestTargetID = 361D2E7E2FDB3B5900B038D5;
					};
					361D2EA12FDB3B5A00B038D5 = {
						CreatedOnToolsVersion = 26.5;
						TestTargetID = 361D2E7E2FDB3B5900B038D5;
					};
				};
			};
			buildConfigurationList = 361D2E7A2FDB3B5800B038D5 /* Build configuration list for PBXProject "mevsmusic" */;
			developmentRegion = en;
			hasScannedForEncodings = 0;
			knownRegions = (
				en,
				Base,
			);
			mainGroup = 361D2E762FDB3B5800B038D5;
			minimizedProjectReferenceProxies = 1;
			preferredProjectObjectVersion = 77;
			productRefGroup = 361D2E802FDB3B5900B038D5 /* Products */;
			projectDirPath = "";
			projectRoot = "";
			targets = (
				361D2E7E2FDB3B5900B038D5 /* mevsmusic */,
				361D2E972FDB3B5A00B038D5 /* mevsmusicTests */,
				361D2EA12FDB3B5A00B038D5 /* mevsmusicUITests */,
			);
		};
/* End PBXProject section */

/* Begin PBXResourcesBuildPhase section */
		361D2E7D2FDB3B5900B038D5 /* Resources */ = {
			isa = PBXResourcesBuildPhase;
			buildActionMask = 2147483647;
			files = (
			);
			runOnlyForDeploymentPostprocessing = 0;
		};
		361D2E962FDB3B5A00B038D5 /* Resources */ = {
			isa = PBXResourcesBuildPhase;
			buildActionMask = 2147483647;
			files = (
			);
			runOnlyForDeploymentPostprocessing = 0;
		};
		361D2EA02FDB3B5A00B038D5 /* Resources */ = {
			isa = PBXResourcesBuildPhase;
			buildActionMask = 2147483647;
			files = (
			);
			runOnlyForDeploymentPostprocessing = 0;
		};
/* End PBXResourcesBuildPhase section */

/* Begin PBXSourcesBuildPhase section */
		361D2E7B2FDB3B5900B038D5 /* Sources */ = {
			isa = PBXSourcesBuildPhase;
			buildActionMask = 2147483647;
			files = (
			);
			runOnlyForDeploymentPostprocessing = 0;
		};
		361D2E942FDB3B5A00B038D5 /* Sources */ = {
			isa = PBXSourcesBuildPhase;
			buildActionMask = 2147483647;
			files = (
			);
			runOnlyForDeploymentPostprocessing = 0;
		};
		361D2E9E2FDB3B5A00B038D5 /* Sources */ = {
			isa = PBXSourcesBuildPhase;
			buildActionMask = 2147483647;
			files = (
			);
			runOnlyForDeploymentPostprocessing = 0;
		};
/* End PBXSourcesBuildPhase section */

/* Begin PBXTargetDependency section */
		361D2E9A2FDB3B5A00B038D5 /* PBXTargetDependency */ = {
			isa = PBXTargetDependency;
			target = 361D2E7E2FDB3B5900B038D5 /* mevsmusic */;
			targetProxy = 361D2E992FDB3B5A00B038D5 /* PBXContainerItemProxy */;
		};
		361D2EA42FDB3B5A00B038D5 /* PBXTargetDependency */ = {
			isa = PBXTargetDependency;
			target = 361D2E7E2FDB3B5900B038D5 /* mevsmusic */;
			targetProxy = 361D2EA32FDB3B5A00B038D5 /* PBXContainerItemProxy */;
		};
/* End PBXTargetDependency section */

/* Begin XCBuildConfiguration section */
		361D2EAC2FDB3B5A00B038D5 /* Debug */ = {
			isa = XCBuildConfiguration;
			buildSettings = {
				ASSETCATALOG_COMPILER_APPICON_NAME = AppIcon;
				ASSETCATALOG_COMPILER_GLOBAL_ACCENT_COLOR_NAME = AccentColor;
				CODE_SIGN_STYLE = Automatic;
				CURRENT_PROJECT_VERSION = 1;
				GENERATE_INFOPLIST_FILE = YES;
				INFOPLIST_FILE = mevsmusic/Info.plist;
				INFOPLIST_KEY_UIApplicationSupportsIndirectInputEvents = YES;
				INFOPLIST_KEY_UIMainStoryboardFile = Main;
				INFOPLIST_KEY_UIStatusBarHidden = YES;
				INFOPLIST_KEY_UISupportedInterfaceOrientations_iPad = "UIInterfaceOrientationPortrait UIInterfaceOrientationPortraitUpsideDown UIInterfaceOrientationLandscapeLeft UIInterfaceOrientationLandscapeRight";
				INFOPLIST_KEY_UISupportedInterfaceOrientations_iPhone = "UIInterfaceOrientationPortrait UIInterfaceOrientationLandscapeLeft UIInterfaceOrientationLandscapeRight";
				LD_RUNPATH_SEARCH_PATHS = (
					"$(inherited)",
					"@executable_path/Frameworks",
				);
				MARKETING_VERSION = 1.0;
				PRODUCT_BUNDLE_IDENTIFIER = com.tr.mevsmusic;
				PRODUCT_NAME = "$(TARGET_NAME)";
				STRING_CATALOG_GENERATE_SYMBOLS = YES;
				SWIFT_APPROACHABLE_CONCURRENCY = YES;
				SWIFT_DEFAULT_ACTOR_ISOLATION = MainActor;
				SWIFT_EMIT_LOC_STRINGS = YES;
				SWIFT_UPCOMING_FEATURE_MEMBER_IMPORT_VISIBILITY = YES;
				SWIFT_VERSION = 5.0;
				TARGETED_DEVICE_FAMILY = "1,2";
			};
			name = Debug;
		};
		361D2EAD2FDB3B5A00B038D5 /* Release */ = {
			isa = XCBuildConfiguration;
			buildSettings = {
				ASSETCATALOG_COMPILER_APPICON_NAME = AppIcon;
				ASSETCATALOG_COMPILER_GLOBAL_ACCENT_COLOR_NAME = AccentColor;
				CODE_SIGN_STYLE = Automatic;
				CURRENT_PROJECT_VERSION = 1;
				GENERATE_INFOPLIST_FILE = YES;
				INFOPLIST_FILE = mevsmusic/Info.plist;
				INFOPLIST_KEY_UIApplicationSupportsIndirectInputEvents = YES;
				INFOPLIST_KEY_UIMainStoryboardFile = Main;
				INFOPLIST_KEY_UIStatusBarHidden = YES;
				INFOPLIST_KEY_UISupportedInterfaceOrientations_iPad = "UIInterfaceOrientationPortrait UIInterfaceOrientationPortraitUpsideDown UIInterfaceOrientationLandscapeLeft UIInterfaceOrientationLandscapeRight";
				INFOPLIST_KEY_UISupportedInterfaceOrientations_iPhone = "UIInterfaceOrientationPortrait UIInterfaceOrientationLandscapeLeft UIInterfaceOrientationLandscapeRight";
				LD_RUNPATH_SEARCH_PATHS = (
					"$(inherited)",
					"@executable_path/Frameworks",
				);
				MARKETING_VERSION = 1.0;
				PRODUCT_BUNDLE_IDENTIFIER = com.tr.mevsmusic;
				PRODUCT_NAME = "$(TARGET_NAME)";
				STRING_CATALOG_GENERATE_SYMBOLS = YES;
				SWIFT_APPROACHABLE_CONCURRENCY = YES;
				SWIFT_DEFAULT_ACTOR_ISOLATION = MainActor;
				SWIFT_EMIT_LOC_STRINGS = YES;
				SWIFT_UPCOMING_FEATURE_MEMBER_IMPORT_VISIBILITY = YES;
				SWIFT_VERSION = 5.0;
				TARGETED_DEVICE_FAMILY = "1,2";
			};
			name = Release;
		};
		361D2EAE2FDB3B5A00B038D5 /* Debug */ = {
			isa = XCBuildConfiguration;
			buildSettings = {
				ALWAYS_SEARCH_USER_PATHS = NO;
				ASSETCATALOG_COMPILER_GENERATE_SWIFT_ASSET_SYMBOL_EXTENSIONS = YES;
				CLANG_ANALYZER_NONNULL = YES;
				CLANG_ANALYZER_NUMBER_OBJECT_CONVERSION = YES_AGGRESSIVE;
				CLANG_CXX_LANGUAGE_STANDARD = "gnu++20";
				CLANG_ENABLE_MODULES = YES;
				CLANG_ENABLE_OBJC_ARC = YES;
				CLANG_ENABLE_OBJC_WEAK = YES;
				CLANG_WARN_BLOCK_CAPTURE_AUTORELEASING = YES;
				CLANG_WARN_BOOL_CONVERSION = YES;
				CLANG_WARN_COMMA = YES;
				CLANG_WARN_CONSTANT_CONVERSION = YES;
				CLANG_WARN_DEPRECATED_OBJC_IMPLEMENTATIONS = YES;
				CLANG_WARN_DIRECT_OBJC_ISA_USAGE = YES_ERROR;
				CLANG_WARN_DOCUMENTATION_COMMENTS = YES;
				CLANG_WARN_EMPTY_BODY = YES;
				CLANG_WARN_ENUM_CONVERSION = YES;
				CLANG_WARN_INFINITE_RECURSION = YES;
				CLANG_WARN_INT_CONVERSION = YES;
				CLANG_WARN_NON_LITERAL_NULL_CONVERSION = YES;
				CLANG_WARN_OBJC_IMPLICIT_RETAIN_SELF = YES;
				CLANG_WARN_OBJC_LITERAL_CONVERSION = YES;
				CLANG_WARN_OBJC_ROOT_CLASS = YES_ERROR;
				CLANG_WARN_QUOTED_INCLUDE_IN_FRAMEWORK_HEADER = YES;
				CLANG_WARN_RANGE_LOOP_ANALYSIS = YES;
				CLANG_WARN_STRICT_PROTOTYPES = YES;
				CLANG_WARN_SUSPICIOUS_MOVE = YES;
				CLANG_WARN_UNGUARDED_AVAILABILITY = YES_AGGRESSIVE;
				CLANG_WARN_UNREACHABLE_CODE = YES;
				CLANG_WARN__DUPLICATE_METHOD_MATCH = YES;
				COPY_PHASE_STRIP = NO;
				DEBUG_INFORMATION_FORMAT = dwarf;
				ENABLE_STRICT_OBJC_MSGSEND = YES;
				ENABLE_TESTABILITY = YES;
				ENABLE_USER_SCRIPT_SANDBOXING = YES;
				GCC_C_LANGUAGE_STANDARD = gnu17;
				GCC_DYNAMIC_NO_PIC = NO;
				GCC_NO_COMMON_BLOCKS = YES;
				GCC_OPTIMIZATION_LEVEL = 0;
				GCC_PREPROCESSOR_DEFINITIONS = (
					"DEBUG=1",
					"$(inherited)",
				);
				GCC_WARN_64_TO_32_BIT_CONVERSION = YES;
				GCC_WARN_ABOUT_RETURN_TYPE = YES_ERROR;
				GCC_WARN_UNDECLARED_SELECTOR = YES;
				GCC_WARN_UNINITIALIZED_AUTOS = YES_AGGRESSIVE;
				GCC_WARN_UNUSED_FUNCTION = YES;
				GCC_WARN_UNUSED_VARIABLE = YES;
				IPHONEOS_DEPLOYMENT_TARGET = 26.5;
				LOCALIZATION_PREFERS_STRING_CATALOGS = YES;
				MTL_ENABLE_DEBUG_INFO = INCLUDE_SOURCE;
				MTL_FAST_MATH = YES;
				ONLY_ACTIVE_ARCH = YES;
				SDKROOT = iphoneos;
				SWIFT_ACTIVE_COMPILATION_CONDITIONS = "DEBUG $(inherited)";
				SWIFT_OPTIMIZATION_LEVEL = "-Onone";
			};
			name = Debug;
		};
		361D2EAF2FDB3B5A00B038D5 /* Release */ = {
			isa = XCBuildConfiguration;
			buildSettings = {
				ALWAYS_SEARCH_USER_PATHS = NO;
				ASSETCATALOG_COMPILER_GENERATE_SWIFT_ASSET_SYMBOL_EXTENSIONS = YES;
				CLANG_ANALYZER_NONNULL = YES;
				CLANG_ANALYZER_NUMBER_OBJECT_CONVERSION = YES_AGGRESSIVE;
				CLANG_CXX_LANGUAGE_STANDARD = "gnu++20";
				CLANG_ENABLE_MODULES = YES;
				CLANG_ENABLE_OBJC_ARC = YES;
				CLANG_ENABLE_OBJC_WEAK = YES;
				CLANG_WARN_BLOCK_CAPTURE_AUTORELEASING = YES;
				CLANG_WARN_BOOL_CONVERSION = YES;
				CLANG_WARN_COMMA = YES;
				CLANG_WARN_CONSTANT_CONVERSION = YES;
				CLANG_WARN_DEPRECATED_OBJC_IMPLEMENTATIONS = YES;
				CLANG_WARN_DIRECT_OBJC_ISA_USAGE = YES_ERROR;
				CLANG_WARN_DOCUMENTATION_COMMENTS = YES;
				CLANG_WARN_EMPTY_BODY = YES;
				CLANG_WARN_ENUM_CONVERSION = YES;
				CLANG_WARN_INFINITE_RECURSION = YES;
				CLANG_WARN_INT_CONVERSION = YES;
				CLANG_WARN_NON_LITERAL_NULL_CONVERSION = YES;
				CLANG_WARN_OBJC_IMPLICIT_RETAIN_SELF = YES;
				CLANG_WARN_OBJC_LITERAL_CONVERSION = YES;
				CLANG_WARN_OBJC_ROOT_CLASS = YES_ERROR;
				CLANG_WARN_QUOTED_INCLUDE_IN_FRAMEWORK_HEADER = YES;
				CLANG_WARN_RANGE_LOOP_ANALYSIS = YES;
				CLANG_WARN_STRICT_PROTOTYPES = YES;
				CLANG_WARN_SUSPICIOUS_MOVE = YES;
				CLANG_WARN_UNGUARDED_AVAILABILITY = YES_AGGRESSIVE;
				CLANG_WARN_UNREACHABLE_CODE = YES;
				CLANG_WARN__DUPLICATE_METHOD_MATCH = YES;
				COPY_PHASE_STRIP = NO;
				DEBUG_INFORMATION_FORMAT = "dwarf-with-dsym";
				ENABLE_NS_ASSERTIONS = NO;
				ENABLE_STRICT_OBJC_MSGSEND = YES;
				ENABLE_USER_SCRIPT_SANDBOXING = YES;
				GCC_C_LANGUAGE_STANDARD = gnu17;
				GCC_NO_COMMON_BLOCKS = YES;
				GCC_WARN_64_TO_32_BIT_CONVERSION = YES;
				GCC_WARN_ABOUT_RETURN_TYPE = YES_ERROR;
				GCC_WARN_UNDECLARED_SELECTOR = YES;
				GCC_WARN_UNINITIALIZED_AUTOS = YES_AGGRESSIVE;
				GCC_WARN_UNUSED_FUNCTION = YES;
				GCC_WARN_UNUSED_VARIABLE = YES;
				IPHONEOS_DEPLOYMENT_TARGET = 26.5;
				LOCALIZATION_PREFERS_STRING_CATALOGS = YES;
				MTL_ENABLE_DEBUG_INFO = NO;
				MTL_FAST_MATH = YES;
				SDKROOT = iphoneos;
				SWIFT_COMPILATION_MODE = wholemodule;
				VALIDATE_PRODUCT = YES;
			};
			name = Release;
		};
		361D2EB12FDB3B5A00B038D5 /* Debug */ = {
			isa = XCBuildConfiguration;
			buildSettings = {
				BUNDLE_LOADER = "$(TEST_HOST)";
				CODE_SIGN_STYLE = Automatic;
				CURRENT_PROJECT_VERSION = 1;
				GENERATE_INFOPLIST_FILE = YES;
				IPHONEOS_DEPLOYMENT_TARGET = 26.5;
				MARKETING_VERSION = 1.0;
				PRODUCT_BUNDLE_IDENTIFIER = com.tr.mevsmusicTests;
				PRODUCT_NAME = "$(TARGET_NAME)";
				STRING_CATALOG_GENERATE_SYMBOLS = NO;
				SWIFT_APPROACHABLE_CONCURRENCY = YES;
				SWIFT_EMIT_LOC_STRINGS = NO;
				SWIFT_UPCOMING_FEATURE_MEMBER_IMPORT_VISIBILITY = YES;
				SWIFT_VERSION = 5.0;
				TARGETED_DEVICE_FAMILY = "1,2";
				TEST_HOST = "$(BUILT_PRODUCTS_DIR)/mevsmusic.app/$(BUNDLE_EXECUTABLE_FOLDER_PATH)/mevsmusic";
			};
			name = Debug;
		};
		361D2EB22FDB3B5A00B038D5 /* Release */ = {
			isa = XCBuildConfiguration;
			buildSettings = {
				BUNDLE_LOADER = "$(TEST_HOST)";
				CODE_SIGN_STYLE = Automatic;
				CURRENT_PROJECT_VERSION = 1;
				GENERATE_INFOPLIST_FILE = YES;
				IPHONEOS_DEPLOYMENT_TARGET = 26.5;
				MARKETING_VERSION = 1.0;
				PRODUCT_BUNDLE_IDENTIFIER = com.tr.mevsmusicTests;
				PRODUCT_NAME = "$(TARGET_NAME)";
				STRING_CATALOG_GENERATE_SYMBOLS = NO;
				SWIFT_APPROACHABLE_CONCURRENCY = YES;
				SWIFT_EMIT_LOC_STRINGS = NO;
				SWIFT_UPCOMING_FEATURE_MEMBER_IMPORT_VISIBILITY = YES;
				SWIFT_VERSION = 5.0;
				TARGETED_DEVICE_FAMILY = "1,2";
				TEST_HOST = "$(BUILT_PRODUCTS_DIR)/mevsmusic.app/$(BUNDLE_EXECUTABLE_FOLDER_PATH)/mevsmusic";
			};
			name = Release;
		};
		361D2EB42FDB3B5A00B038D5 /* Debug */ = {
			isa = XCBuildConfiguration;
			buildSettings = {
				CODE_SIGN_STYLE = Automatic;
				CURRENT_PROJECT_VERSION = 1;
				GENERATE_INFOPLIST_FILE = YES;
				MARKETING_VERSION = 1.0;
				PRODUCT_BUNDLE_IDENTIFIER = com.tr.mevsmusicUITests;
				PRODUCT_NAME = "$(TARGET_NAME)";
				STRING_CATALOG_GENERATE_SYMBOLS = NO;
				SWIFT_APPROACHABLE_CONCURRENCY = YES;
				SWIFT_EMIT_LOC_STRINGS = NO;
				SWIFT_UPCOMING_FEATURE_MEMBER_IMPORT_VISIBILITY = YES;
				SWIFT_VERSION = 5.0;
				TARGETED_DEVICE_FAMILY = "1,2";
				TEST_TARGET_NAME = mevsmusic;
			};
			name = Debug;
		};
		361D2EB52FDB3B5A00B038D5 /* Release */ = {
			isa = XCBuildConfiguration;
			buildSettings = {
				CODE_SIGN_STYLE = Automatic;
				CURRENT_PROJECT_VERSION = 1;
				GENERATE_INFOPLIST_FILE = YES;
				MARKETING_VERSION = 1.0;
				PRODUCT_BUNDLE_IDENTIFIER = com.tr.mevsmusicUITests;
				PRODUCT_NAME = "$(TARGET_NAME)";
				STRING_CATALOG_GENERATE_SYMBOLS = NO;
				SWIFT_APPROACHABLE_CONCURRENCY = YES;
				SWIFT_EMIT_LOC_STRINGS = NO;
				SWIFT_UPCOMING_FEATURE_MEMBER_IMPORT_VISIBILITY = YES;
				SWIFT_VERSION = 5.0;
				TARGETED_DEVICE_FAMILY = "1,2";
				TEST_TARGET_NAME = mevsmusic;
			};
			name = Release;
		};
/* End XCBuildConfiguration section */

/* Begin XCConfigurationList section */
		361D2E7A2FDB3B5800B038D5 /* Build configuration list for PBXProject "mevsmusic" */ = {
			isa = XCConfigurationList;
			buildConfigurations = (
				361D2EAE2FDB3B5A00B038D5 /* Debug */,
				361D2EAF2FDB3B5A00B038D5 /* Release */,
			);
			defaultConfigurationIsVisible = 0;
			defaultConfigurationName = Release;
		};
		361D2EAB2FDB3B5A00B038D5 /* Build configuration list for PBXNativeTarget "mevsmusic" */ = {
			isa = XCConfigurationList;
			buildConfigurations = (
				361D2EAC2FDB3B5A00B038D5 /* Debug */,
				361D2EAD2FDB3B5A00B038D5 /* Release */,
			);
			defaultConfigurationIsVisible = 0;
			defaultConfigurationName = Release;
		};
		361D2EB02FDB3B5A00B038D5 /* Build configuration list for PBXNativeTarget "mevsmusicTests" */ = {
			isa = XCConfigurationList;
			buildConfigurations = (
				361D2EB12FDB3B5A00B038D5 /* Debug */,
				361D2EB22FDB3B5A00B038D5 /* Release */,
			);
			defaultConfigurationIsVisible = 0;
			defaultConfigurationName = Release;
		};
		361D2EB32FDB3B5A00B038D5 /* Build configuration list for PBXNativeTarget "mevsmusicUITests" */ = {
			isa = XCConfigurationList;
			buildConfigurations = (
				361D2EB42FDB3B5A00B038D5 /* Debug */,
				361D2EB52FDB3B5A00B038D5 /* Release */,
			);
			defaultConfigurationIsVisible = 0;
			defaultConfigurationName = Release;
		};
/* End XCConfigurationList section */
	};
	rootObject = 361D2E772FDB3B5800B038D5 /* Project object */;
}
